
Microsoft Visual Studio Solution File, Format Version 12.00
# Visual Studio Version 16
VisualStudioVersion = 16.0.31624.102
MinimumVisualStudioVersion = 10.0.40219.1
Project("{FAE04EC0-301F-11D3-BF4B-00C04F79EFBC}") = "DeckofCards(API)Lab", "DeckofCards(API)Lab\DeckofCards(API)Lab.csproj", "{8CCBFED4-C3AB-4F8D-A1E5-9A6DF70210C8}"
EndProject
Global
	GlobalSection(SolutionConfigurationPlatforms) = preSolution
		Debug|Any CPU = Debug|Any CPU
		Release|Any CPU = Release|Any CPU
	EndGlobalSection
	GlobalSection(ProjectConfigurationPlatforms) = postSolution
		{8CCBFED4-C3AB-4F8D-A1E5-9A6DF70210C8}.Debug|Any CPU.ActiveCfg = Debug|Any CPU
		{8CCBFED4-C3AB-4F8D-A1E5-9A6DF70210C8}.Debug|Any CPU.Build.0 = Debug|Any CPU
		{8CCBFED4-C3AB-4F8D-A1E5-9A6DF70210C8}.Release|Any CPU.ActiveCfg = Release|Any CPU
		{8CCBFED4-C3AB-4F8D-A1E5-9A6DF70210C8}.Release|Any CPU.Build.0 = Release|Any CPU
	EndGlobalSection
	GlobalSection(SolutionProperties) = preSolution
		HideSolutionNode = FALSE
	EndGlobalSection
	GlobalSection(ExtensibilityGlobals) = postSolution
		SolutionGuid = {F965A58B-DA22-4E13-83D4-89836ECDD06D}
	EndGlobalSection
EndGlobal
